PODS:
  - InputMask (6.1.0)
  - SwiftGen (6.4.0)

DEPENDENCIES:
  - InputMask
  - SwiftGen

SPEC REPOS:
  trunk:
    - InputMask
    - SwiftGen

SPEC CHECKSUMS:
  InputMask: 71d291dc54d2deaeac6512afb6ec2304228c0bb7
  SwiftGen: 67860cc7c3cfc2ed25b9b74cfd55495fc89f9108

PODFILE CHECKSUM: 47c142b17aadd54de1d5eadbeac7df83dde41a87

COCOAPODS: 1.10.0
